
Microsoft Visual Studio Solution File, Format Version 12.00
# Visual Studio 2013
VisualStudioVersion = 12.0.40629.0
MinimumVisualStudioVersion = 10.0.40219.1
Project("{FAE04EC0-301F-11D3-BF4B-00C04F79EFBC}") = "WCFService", "WCFService\WCFService.csproj", "{6A3FF03A-3642-4DE1-AC83-41AF9775DEB4}"
EndProject
Project("{FAE04EC0-301F-11D3-BF4B-00C04F79EFBC}") = "WCFService.Database", "WCFService.Database\WCFService.Database.csproj", "{6D48B34E-DED9-4B82-9292-6D41B0BC51D2}"
EndProject
Project("{FAE04EC0-301F-11D3-BF4B-00C04F79EFBC}") = "WCFService.Controller", "WCFService.Controller\WCFService.Controller.csproj", "{60DC19F1-2686-4918-91E9-455D6920FD83}"
EndProject
Global
	GlobalSection(SolutionConfigurationPlatforms) = preSolution
		Debug|Any CPU = Debug|Any CPU
		Release|Any CPU = Release|Any CPU
	EndGlobalSection
	GlobalSection(ProjectConfigurationPlatforms) = postSolution
		{6A3FF03A-3642-4DE1-AC83-41AF9775DEB4}.Debug|Any CPU.ActiveCfg = Debug|Any CPU
		{6A3FF03A-3642-4DE1-AC83-41AF9775DEB4}.Debug|Any CPU.Build.0 = Debug|Any CPU
		{6A3FF03A-3642-4DE1-AC83-41AF9775DEB4}.Release|Any CPU.ActiveCfg = Release|Any CPU
		{6A3FF03A-3642-4DE1-AC83-41AF9775DEB4}.Release|Any CPU.Build.0 = Release|Any CPU
		{6D48B34E-DED9-4B82-9292-6D41B0BC51D2}.Debug|Any CPU.ActiveCfg = Debug|Any CPU
		{6D48B34E-DED9-4B82-9292-6D41B0BC51D2}.Debug|Any CPU.Build.0 = Debug|Any CPU
		{6D48B34E-DED9-4B82-9292-6D41B0BC51D2}.Release|Any CPU.ActiveCfg = Release|Any CPU
		{6D48B34E-DED9-4B82-9292-6D41B0BC51D2}.Release|Any CPU.Build.0 = Release|Any CPU
		{60DC19F1-2686-4918-91E9-455D6920FD83}.Debug|Any CPU.ActiveCfg = Debug|Any CPU
		{60DC19F1-2686-4918-91E9-455D6920FD83}.Debug|Any CPU.Build.0 = Debug|Any CPU
		{60DC19F1-2686-4918-91E9-455D6920FD83}.Release|Any CPU.ActiveCfg = Release|Any CPU
		{60DC19F1-2686-4918-91E9-455D6920FD83}.Release|Any CPU.Build.0 = Release|Any CPU
	EndGlobalSection
	GlobalSection(SolutionProperties) = preSolution
		HideSolutionNode = FALSE
	EndGlobalSection
EndGlobal
